
Microsoft Visual Studio Solution File, Format Version 12.00
# Visual Studio Version 16
VisualStudioVersion = 16.0.29001.49
MinimumVisualStudioVersion = 10.0.40219.1
Project("{FAE04EC0-301F-11D3-BF4B-00C04F79EFBC}") = "BlackJack", "BlackJack\BlackJack.csproj", "{B8116B28-851A-4207-A929-F514D00E138A}"
EndProject
Global
	GlobalSection(SolutionConfigurationPlatforms) = preSolution
		Debug|Any CPU = Debug|Any CPU
		Release|Any CPU = Release|Any CPU
	EndGlobalSection
	GlobalSection(ProjectConfigurationPlatforms) = postSolution
		{B8116B28-851A-4207-A929-F514D00E138A}.Debug|Any CPU.ActiveCfg = Debug|Any CPU
		{B8116B28-851A-4207-A929-F514D00E138A}.Debug|Any CPU.Build.0 = Debug|Any CPU
		{B8116B28-851A-4207-A929-F514D00E138A}.Release|Any CPU.ActiveCfg = Release|Any CPU
		{B8116B28-851A-4207-A929-F514D00E138A}.Release|Any CPU.Build.0 = Release|Any CPU
	EndGlobalSection
	GlobalSection(SolutionProperties) = preSolution
		HideSolutionNode = FALSE
	EndGlobalSection
	GlobalSection(ExtensibilityGlobals) = postSolution
		SolutionGuid = {01AC195C-D04E-4267-A621-A336AD1DD81E}
	EndGlobalSection
EndGlobal
